// !$*UTF8*$!
{
	archiveVersion = 1;
	classes = {
	};
	objectVersion = 50;
	objects = {

/* Begin PBXBuildFile section */
		952A30E22657D76500E5D01F /* AlgorithmsExpertApp.swift in Sources */ = {isa = PBXBuildFile; fileRef = 952A30E12657D76500E5D01F /* AlgorithmsExpertApp.swift */; };
		952A30E42657D76500E5D01F /* ContentView.swift in Sources */ = {isa = PBXBuildFile; fileRef = 952A30E32657D76500E5D01F /* ContentView.swift */; };
		952A30E62657D76700E5D01F /* Assets.xcassets in Resources */ = {isa = PBXBuildFile; fileRef = 952A30E52657D76700E5D01F /* Assets.xcassets */; };
		952A30E92657D76700E5D01F /* Preview Assets.xcassets in Resources */ = {isa = PBXBuildFile; fileRef = 952A30E82657D76700E5D01F /* Preview Assets.xcassets */; };
		952A30F72657D80A00E5D01F /* TwoNumbersSum.swift in Sources */ = {isa = PBXBuildFile; fileRef = 952A30F62657D80A00E5D01F /* TwoNumbersSum.swift */; };
		952A30F92657DAB300E5D01F /* ValidateSubsequence.swift in Sources */ = {isa = PBXBuildFile; fileRef = 952A30F82657DAB300E5D01F /* ValidateSubsequence.swift */; };
		952A30FB2657DC3C00E5D01F /* FindClosestValueInValues.swift in Sources */ = {isa = PBXBuildFile; fileRef = 952A30FA2657DC3C00E5D01F /* FindClosestValueInValues.swift */; };
		952A30FD2657E34500E5D01F /* Sum.swift in Sources */ = {isa = PBXBuildFile; fileRef = 952A30FC2657E34500E5D01F /* Sum.swift */; };
		952A30FF2657FB2800E5D01F /* NodeDepths.swift in Sources */ = {isa = PBXBuildFile; fileRef = 952A30FE2657FB2800E5D01F /* NodeDepths.swift */; };
		952A31012658003500E5D01F /* DepthFirstSearch.swift in Sources */ = {isa = PBXBuildFile; fileRef = 952A31002658003500E5D01F /* DepthFirstSearch.swift */; };
		952A3105265801E600E5D01F /* ProductSum.swift in Sources */ = {isa = PBXBuildFile; fileRef = 952A3104265801E600E5D01F /* ProductSum.swift */; };
		952A310726581BA200E5D01F /* Palindrome.swift in Sources */ = {isa = PBXBuildFile; fileRef = 952A310626581BA200E5D01F /* Palindrome.swift */; };
		952A310926582BDD00E5D01F /* BubbleSort.swift in Sources */ = {isa = PBXBuildFile; fileRef = 952A310826582BDD00E5D01F /* BubbleSort.swift */; };
		952A310B265830B000E5D01F /* InsertionSort.swift in Sources */ = {isa = PBXBuildFile; fileRef = 952A310A265830B000E5D01F /* InsertionSort.swift */; };
		952A310D265833EC00E5D01F /* SelectionSort.swift in Sources */ = {isa = PBXBuildFile; fileRef = 952A310C265833EC00E5D01F /* SelectionSort.swift */; };
		952A3110265834CF00E5D01F /* Helpers.swift in Sources */ = {isa = PBXBuildFile; fileRef = 952A310F265834CF00E5D01F /* Helpers.swift */; };
		952A31172659064200E5D01F /* CaesarCipherEncryptor.swift in Sources */ = {isa = PBXBuildFile; fileRef = 952A31162659064200E5D01F /* CaesarCipherEncryptor.swift */; };
		952A31192659186E00E5D01F /* SmallestDifference.swift in Sources */ = {isa = PBXBuildFile; fileRef = 952A31182659186E00E5D01F /* SmallestDifference.swift */; };
		95910A0C265A76F000D02934 /* LongestPeak.swift in Sources */ = {isa = PBXBuildFile; fileRef = 95910A0B265A76F000D02934 /* LongestPeak.swift */; };
		95910A0E265A785300D02934 /* MoveElementToTheEnd.swift in Sources */ = {isa = PBXBuildFile; fileRef = 95910A0D265A785200D02934 /* MoveElementToTheEnd.swift */; };
		95910A10265A79D800D02934 /* SingleCircleCheck.swift in Sources */ = {isa = PBXBuildFile; fileRef = 95910A0F265A79D800D02934 /* SingleCircleCheck.swift */; };
/* End PBXBuildFile section */

/* Begin PBXFileReference section */
		952A30DE2657D76500E5D01F /* AlgorithmsExpert.app */ = {isa = PBXFileReference; explicitFileType = wrapper.application; includeInIndex = 0; path = AlgorithmsExpert.app; sourceTree = BUILT_PRODUCTS_DIR; };
		952A30E12657D76500E5D01F /* AlgorithmsExpertApp.swift */ = {isa = PBXFileReference; lastKnownFileType = sourcecode.swift; path = AlgorithmsExpertApp.swift; sourceTree = "<group>"; };
		952A30E32657D76500E5D01F /* ContentView.swift */ = {isa = PBXFileReference; lastKnownFileType = sourcecode.swift; path = ContentView.swift; sourceTree = "<group>"; };
		952A30E52657D76700E5D01F /* Assets.xcassets */ = {isa = PBXFileReference; lastKnownFileType = folder.assetcatalog; path = Assets.xcassets; sourceTree = "<group>"; };
		952A30E82657D76700E5D01F /* Preview Assets.xcassets */ = {isa = PBXFileReference; lastKnownFileType = folder.assetcatalog; path = "Preview Assets.xcassets"; sourceTree = "<group>"; };
		952A30EA2657D76700E5D01F /* Info.plist */ = {isa = PBXFileReference; lastKnownFileType = text.plist.xml; path = Info.plist; sourceTree = "<group>"; };
		952A30F62657D80A00E5D01F /* TwoNumbersSum.swift */ = {isa = PBXFileReference; lastKnownFileType = sourcecode.swift; path = TwoNumbersSum.swift; sourceTree = "<group>"; };
		952A30F82657DAB300E5D01F /* ValidateSubsequence.swift */ = {isa = PBXFileReference; lastKnownFileType = sourcecode.swift; path = ValidateSubsequence.swift; sourceTree = "<group>"; };
		952A30FA2657DC3C00E5D01F /* FindClosestValueInValues.swift */ = {isa = PBXFileReference; lastKnownFileType = sourcecode.swift; path = FindClosestValueInValues.swift; sourceTree = "<group>"; };
		952A30FC2657E34500E5D01F /* Sum.swift */ = {isa = PBXFileReference; lastKnownFileType = sourcecode.swift; path = Sum.swift; sourceTree = "<group>"; };
		952A30FE2657FB2800E5D01F /* NodeDepths.swift */ = {isa = PBXFileReference; lastKnownFileType = sourcecode.swift; path = NodeDepths.swift; sourceTree = "<group>"; };
		952A31002658003500E5D01F /* DepthFirstSearch.swift */ = {isa = PBXFileReference; lastKnownFileType = sourcecode.swift; path = DepthFirstSearch.swift; sourceTree = "<group>"; };
		952A3104265801E600E5D01F /* ProductSum.swift */ = {isa = PBXFileReference; lastKnownFileType = sourcecode.swift; path = ProductSum.swift; sourceTree = "<group>"; };
		952A310626581BA200E5D01F /* Palindrome.swift */ = {isa = PBXFileReference; lastKnownFileType = sourcecode.swift; path = Palindrome.swift; sourceTree = "<group>"; };
		952A310826582BDD00E5D01F /* BubbleSort.swift */ = {isa = PBXFileReference; lastKnownFileType = sourcecode.swift; path = BubbleSort.swift; sourceTree = "<group>"; };
		952A310A265830B000E5D01F /* InsertionSort.swift */ = {isa = PBXFileReference; lastKnownFileType = sourcecode.swift; path = InsertionSort.swift; sourceTree = "<group>"; };
		952A310C265833EC00E5D01F /* SelectionSort.swift */ = {isa = PBXFileReference; lastKnownFileType = sourcecode.swift; path = SelectionSort.swift; sourceTree = "<group>"; };
		952A310F265834CF00E5D01F /* Helpers.swift */ = {isa = PBXFileReference; lastKnownFileType = sourcecode.swift; path = Helpers.swift; sourceTree = "<group>"; };
		952A31162659064200E5D01F /* CaesarCipherEncryptor.swift */ = {isa = PBXFileReference; lastKnownFileType = sourcecode.swift; path = CaesarCipherEncryptor.swift; sourceTree = "<group>"; };
		952A31182659186E00E5D01F /* SmallestDifference.swift */ = {isa = PBXFileReference; lastKnownFileType = sourcecode.swift; path = SmallestDifference.swift; sourceTree = "<group>"; };
		95910A0B265A76F000D02934 /* LongestPeak.swift */ = {isa = PBXFileReference; lastKnownFileType = sourcecode.swift; path = LongestPeak.swift; sourceTree = "<group>"; };
		95910A0D265A785200D02934 /* MoveElementToTheEnd.swift */ = {isa = PBXFileReference; lastKnownFileType = sourcecode.swift; path = MoveElementToTheEnd.swift; sourceTree = "<group>"; };
		95910A0F265A79D800D02934 /* SingleCircleCheck.swift */ = {isa = PBXFileReference; lastKnownFileType = sourcecode.swift; path = SingleCircleCheck.swift; sourceTree = "<group>"; };
/* End PBXFileReference section */

/* Begin PBXFrameworksBuildPhase section */
		952A30DB2657D76500E5D01F /* Frameworks */ = {
			isa = PBXFrameworksBuildPhase;
			buildActionMask = 2147483647;
			files = (
			);
			runOnlyForDeploymentPostprocessing = 0;
		};
/* End PBXFrameworksBuildPhase section */

/* Begin PBXGroup section */
		952A30D52657D76500E5D01F = {
			isa = PBXGroup;
			children = (
				952A30E02657D76500E5D01F /* AlgorithmsExpert */,
				952A30DF2657D76500E5D01F /* Products */,
			);
			sourceTree = "<group>";
		};
		952A30DF2657D76500E5D01F /* Products */ = {
			isa = PBXGroup;
			children = (
				952A30DE2657D76500E5D01F /* AlgorithmsExpert.app */,
			);
			name = Products;
			sourceTree = "<group>";
		};
		952A30E02657D76500E5D01F /* AlgorithmsExpert */ = {
			isa = PBXGroup;
			children = (
				952A30F02657D77A00E5D01F /* Algorithms */,
				952A30E12657D76500E5D01F /* AlgorithmsExpertApp.swift */,
				952A30E32657D76500E5D01F /* ContentView.swift */,
				952A30E52657D76700E5D01F /* Assets.xcassets */,
				952A30EA2657D76700E5D01F /* Info.plist */,
				952A30E72657D76700E5D01F /* Preview Content */,
			);
			path = AlgorithmsExpert;
			sourceTree = "<group>";
		};
		952A30E72657D76700E5D01F /* Preview Content */ = {
			isa = PBXGroup;
			children = (
				952A30E82657D76700E5D01F /* Preview Assets.xcassets */,
			);
			path = "Preview Content";
			sourceTree = "<group>";
		};
		952A30F02657D77A00E5D01F /* Algorithms */ = {
			isa = PBXGroup;
			children = (
				952A310E265834B300E5D01F /* Utils */,
				952A30F12657D78700E5D01F /* Easy */,
				952A30F22657D78F00E5D01F /* Medium */,
				952A30F32657D79A00E5D01F /* Hard */,
				952A30F42657D7AC00E5D01F /* VeryHard */,
				952A30F52657D7B700E5D01F /* ExtremelyHard */,
			);
			path = Algorithms;
			sourceTree = "<group>";
		};
		952A30F12657D78700E5D01F /* Easy */ = {
			isa = PBXGroup;
			children = (
				952A30F62657D80A00E5D01F /* TwoNumbersSum.swift */,
				952A30F82657DAB300E5D01F /* ValidateSubsequence.swift */,
				952A30FA2657DC3C00E5D01F /* FindClosestValueInValues.swift */,
				952A30FC2657E34500E5D01F /* Sum.swift */,
				952A30FE2657FB2800E5D01F /* NodeDepths.swift */,
				952A31002658003500E5D01F /* DepthFirstSearch.swift */,
				952A3104265801E600E5D01F /* ProductSum.swift */,
				952A310626581BA200E5D01F /* Palindrome.swift */,
				952A310826582BDD00E5D01F /* BubbleSort.swift */,
				952A310A265830B000E5D01F /* InsertionSort.swift */,
				952A310C265833EC00E5D01F /* SelectionSort.swift */,
				952A31162659064200E5D01F /* CaesarCipherEncryptor.swift */,
			);
			path = Easy;
			sourceTree = "<group>";
		};
		952A30F22657D78F00E5D01F /* Medium */ = {
			isa = PBXGroup;
			children = (
				952A31182659186E00E5D01F /* SmallestDifference.swift */,
				95910A0B265A76F000D02934 /* LongestPeak.swift */,
				95910A0D265A785200D02934 /* MoveElementToTheEnd.swift */,
				95910A0F265A79D800D02934 /* SingleCircleCheck.swift */,
			);
			path = Medium;
			sourceTree = "<group>";
		};
		952A30F32657D79A00E5D01F /* Hard */ = {
			isa = PBXGroup;
			children = (
			);
			path = Hard;
			sourceTree = "<group>";
		};
		952A30F42657D7AC00E5D01F /* VeryHard */ = {
			isa = PBXGroup;
			children = (
			);
			path = VeryHard;
			sourceTree = "<group>";
		};
		952A30F52657D7B700E5D01F /* ExtremelyHard */ = {
			isa = PBXGroup;
			children = (
			);
			path = ExtremelyHard;
			sourceTree = "<group>";
		};
		952A310E265834B300E5D01F /* Utils */ = {
			isa = PBXGroup;
			children = (
				952A310F265834CF00E5D01F /* Helpers.swift */,
			);
			path = Utils;
			sourceTree = "<group>";
		};
/* End PBXGroup section */

/* Begin PBXNativeTarget section */
		952A30DD2657D76500E5D01F /* AlgorithmsExpert */ = {
			isa = PBXNativeTarget;
			buildConfigurationList = 952A30ED2657D76700E5D01F /* Build configuration list for PBXNativeTarget "AlgorithmsExpert" */;
			buildPhases = (
				952A30DA2657D76500E5D01F /* Sources */,
				952A30DB2657D76500E5D01F /* Frameworks */,
				952A30DC2657D76500E5D01F /* Resources */,
			);
			buildRules = (
			);
			dependencies = (
			);
			name = AlgorithmsExpert;
			productName = AlgorithmsExpert;
			productReference = 952A30DE2657D76500E5D01F /* AlgorithmsExpert.app */;
			productType = "com.apple.product-type.application";
		};
/* End PBXNativeTarget section */

/* Begin PBXProject section */
		952A30D62657D76500E5D01F /* Project object */ = {
			isa = PBXProject;
			attributes = {
				LastSwiftUpdateCheck = 1250;
				LastUpgradeCheck = 1250;
				TargetAttributes = {
					952A30DD2657D76500E5D01F = {
						CreatedOnToolsVersion = 12.5;
					};
				};
			};
			buildConfigurationList = 952A30D92657D76500E5D01F /* Build configuration list for PBXProject "AlgorithmsExpert" */;
			compatibilityVersion = "Xcode 9.3";
			developmentRegion = en;
			hasScannedForEncodings = 0;
			knownRegions = (
				en,
				Base,
			);
			mainGroup = 952A30D52657D76500E5D01F;
			productRefGroup = 952A30DF2657D76500E5D01F /* Products */;
			projectDirPath = "";
			projectRoot = "";
			targets = (
				952A30DD2657D76500E5D01F /* AlgorithmsExpert */,
			);
		};
/* End PBXProject section */

/* Begin PBXResourcesBuildPhase section */
		952A30DC2657D76500E5D01F /* Resources */ = {
			isa = PBXResourcesBuildPhase;
			buildActionMask = 2147483647;
			files = (
				952A30E92657D76700E5D01F /* Preview Assets.xcassets in Resources */,
				952A30E62657D76700E5D01F /* Assets.xcassets in Resources */,
			);
			runOnlyForDeploymentPostprocessing = 0;
		};
/* End PBXResourcesBuildPhase section */

/* Begin PBXSourcesBuildPhase section */
		952A30DA2657D76500E5D01F /* Sources */ = {
			isa = PBXSourcesBuildPhase;
			buildActionMask = 2147483647;
			files = (
				95910A0C265A76F000D02934 /* LongestPeak.swift in Sources */,
				952A310926582BDD00E5D01F /* BubbleSort.swift in Sources */,
				952A3110265834CF00E5D01F /* Helpers.swift in Sources */,
				952A3105265801E600E5D01F /* ProductSum.swift in Sources */,
				952A31192659186E00E5D01F /* SmallestDifference.swift in Sources */,
				952A310D265833EC00E5D01F /* SelectionSort.swift in Sources */,
				95910A10265A79D800D02934 /* SingleCircleCheck.swift in Sources */,
				952A30FB2657DC3C00E5D01F /* FindClosestValueInValues.swift in Sources */,
				952A30E42657D76500E5D01F /* ContentView.swift in Sources */,
				952A30F92657DAB300E5D01F /* ValidateSubsequence.swift in Sources */,
				952A30E22657D76500E5D01F /* AlgorithmsExpertApp.swift in Sources */,
				952A31012658003500E5D01F /* DepthFirstSearch.swift in Sources */,
				952A310726581BA200E5D01F /* Palindrome.swift in Sources */,
				95910A0E265A785300D02934 /* MoveElementToTheEnd.swift in Sources */,
				952A30FD2657E34500E5D01F /* Sum.swift in Sources */,
				952A31172659064200E5D01F /* CaesarCipherEncryptor.swift in Sources */,
				952A310B265830B000E5D01F /* InsertionSort.swift in Sources */,
				952A30F72657D80A00E5D01F /* TwoNumbersSum.swift in Sources */,
				952A30FF2657FB2800E5D01F /* NodeDepths.swift in Sources */,
			);
			runOnlyForDeploymentPostprocessing = 0;
		};
/* End PBXSourcesBuildPhase section */

/* Begin XCBuildConfiguration section */
		952A30EB2657D76700E5D01F /* Debug */ = {
			isa = XCBuildConfiguration;
			buildSettings = {
				ALWAYS_SEARCH_USER_PATHS = NO;
				CLANG_ANALYZER_NONNULL = YES;
				CLANG_ANALYZER_NUMBER_OBJECT_CONVERSION = YES_AGGRESSIVE;
				CLANG_CXX_LANGUAGE_STANDARD = "gnu++14";
				CLANG_CXX_LIBRARY = "libc++";
				CLANG_ENABLE_MODULES = YES;
				CLANG_ENABLE_OBJC_ARC = YES;
				CLANG_ENABLE_OBJC_WEAK = YES;
				CLANG_WARN_BLOCK_CAPTURE_AUTORELEASING = YES;
				CLANG_WARN_BOOL_CONVERSION = YES;
				CLANG_WARN_COMMA = YES;
				CLANG_WARN_CONSTANT_CONVERSION = YES;
				CLANG_WARN_DEPRECATED_OBJC_IMPLEMENTATIONS = YES;
				CLANG_WARN_DIRECT_OBJC_ISA_USAGE = YES_ERROR;
				CLANG_WARN_DOCUMENTATION_COMMENTS = YES;
				CLANG_WARN_EMPTY_BODY = YES;
				CLANG_WARN_ENUM_CONVERSION = YES;
				CLANG_WARN_INFINITE_RECURSION = YES;
				CLANG_WARN_INT_CONVERSION = YES;
				CLANG_WARN_NON_LITERAL_NULL_CONVERSION = YES;
				CLANG_WARN_OBJC_IMPLICIT_RETAIN_SELF = YES;
				CLANG_WARN_OBJC_LITERAL_CONVERSION = YES;
				CLANG_WARN_OBJC_ROOT_CLASS = YES_ERROR;
				CLANG_WARN_QUOTED_INCLUDE_IN_FRAMEWORK_HEADER = YES;
				CLANG_WARN_RANGE_LOOP_ANALYSIS = YES;
				CLANG_WARN_STRICT_PROTOTYPES = YES;
				CLANG_WARN_SUSPICIOUS_MOVE = YES;
				CLANG_WARN_UNGUARDED_AVAILABILITY = YES_AGGRESSIVE;
				CLANG_WARN_UNREACHABLE_CODE = YES;
				CLANG_WARN__DUPLICATE_METHOD_MATCH = YES;
				COPY_PHASE_STRIP = NO;
				DEBUG_INFORMATION_FORMAT = dwarf;
				ENABLE_STRICT_OBJC_MSGSEND = YES;
				ENABLE_TESTABILITY = YES;
				GCC_C_LANGUAGE_STANDARD = gnu11;
				GCC_DYNAMIC_NO_PIC = NO;
				GCC_NO_COMMON_BLOCKS = YES;
				GCC_OPTIMIZATION_LEVEL = 0;
				GCC_PREPROCESSOR_DEFINITIONS = (
					"DEBUG=1",
					"$(inherited)",
				);
				GCC_WARN_64_TO_32_BIT_CONVERSION = YES;
				GCC_WARN_ABOUT_RETURN_TYPE = YES_ERROR;
				GCC_WARN_UNDECLARED_SELECTOR = YES;
				GCC_WARN_UNINITIALIZED_AUTOS = YES_AGGRESSIVE;
				GCC_WARN_UNUSED_FUNCTION = YES;
				GCC_WARN_UNUSED_VARIABLE = YES;
				IPHONEOS_DEPLOYMENT_TARGET = 14.5;
				MTL_ENABLE_DEBUG_INFO = INCLUDE_SOURCE;
				MTL_FAST_MATH = YES;
				ONLY_ACTIVE_ARCH = YES;
				SDKROOT = iphoneos;
				SWIFT_ACTIVE_COMPILATION_CONDITIONS = DEBUG;
				SWIFT_OPTIMIZATION_LEVEL = "-Onone";
			};
			name = Debug;
		};
		952A30EC2657D76700E5D01F /* Release */ = {
			isa = XCBuildConfiguration;
			buildSettings = {
				ALWAYS_SEARCH_USER_PATHS = NO;
				CLANG_ANALYZER_NONNULL = YES;
				CLANG_ANALYZER_NUMBER_OBJECT_CONVERSION = YES_AGGRESSIVE;
				CLANG_CXX_LANGUAGE_STANDARD = "gnu++14";
				CLANG_CXX_LIBRARY = "libc++";
				CLANG_ENABLE_MODULES = YES;
				CLANG_ENABLE_OBJC_ARC = YES;
				CLANG_ENABLE_OBJC_WEAK = YES;
				CLANG_WARN_BLOCK_CAPTURE_AUTORELEASING = YES;
				CLANG_WARN_BOOL_CONVERSION = YES;
				CLANG_WARN_COMMA = YES;
				CLANG_WARN_CONSTANT_CONVERSION = YES;
				CLANG_WARN_DEPRECATED_OBJC_IMPLEMENTATIONS = YES;
				CLANG_WARN_DIRECT_OBJC_ISA_USAGE = YES_ERROR;
				CLANG_WARN_DOCUMENTATION_COMMENTS = YES;
				CLANG_WARN_EMPTY_BODY = YES;
				CLANG_WARN_ENUM_CONVERSION = YES;
				CLANG_WARN_INFINITE_RECURSION = YES;
				CLANG_WARN_INT_CONVERSION = YES;
				CLANG_WARN_NON_LITERAL_NULL_CONVERSION = YES;
				CLANG_WARN_OBJC_IMPLICIT_RETAIN_SELF = YES;
				CLANG_WARN_OBJC_LITERAL_CONVERSION = YES;
				CLANG_WARN_OBJC_ROOT_CLASS = YES_ERROR;
				CLANG_WARN_QUOTED_INCLUDE_IN_FRAMEWORK_HEADER = YES;
				CLANG_WARN_RANGE_LOOP_ANALYSIS = YES;
				CLANG_WARN_STRICT_PROTOTYPES = YES;
				CLANG_WARN_SUSPICIOUS_MOVE = YES;
				CLANG_WARN_UNGUARDED_AVAILABILITY = YES_AGGRESSIVE;
				CLANG_WARN_UNREACHABLE_CODE = YES;
				CLANG_WARN__DUPLICATE_METHOD_MATCH = YES;
				COPY_PHASE_STRIP = NO;
				DEBUG_INFORMATION_FORMAT = "dwarf-with-dsym";
				ENABLE_NS_ASSERTIONS = NO;
				ENABLE_STRICT_OBJC_MSGSEND = YES;
				GCC_C_LANGUAGE_STANDARD = gnu11;
				GCC_NO_COMMON_BLOCKS = YES;
				GCC_WARN_64_TO_32_BIT_CONVERSION = YES;
				GCC_WARN_ABOUT_RETURN_TYPE = YES_ERROR;
				GCC_WARN_UNDECLARED_SELECTOR = YES;
				GCC_WARN_UNINITIALIZED_AUTOS = YES_AGGRESSIVE;
				GCC_WARN_UNUSED_FUNCTION = YES;
				GCC_WARN_UNUSED_VARIABLE = YES;
				IPHONEOS_DEPLOYMENT_TARGET = 14.5;
				MTL_ENABLE_DEBUG_INFO = NO;
				MTL_FAST_MATH = YES;
				SDKROOT = iphoneos;
				SWIFT_COMPILATION_MODE = wholemodule;
				SWIFT_OPTIMIZATION_LEVEL = "-O";
				VALIDATE_PRODUCT = YES;
			};
			name = Release;
		};
		952A30EE2657D76700E5D01F /* Debug */ = {
			isa = XCBuildConfiguration;
			buildSettings = {
				ASSETCATALOG_COMPILER_APPICON_NAME = AppIcon;
				ASSETCATALOG_COMPILER_GLOBAL_ACCENT_COLOR_NAME = AccentColor;
				CODE_SIGN_STYLE = Automatic;
				DEVELOPMENT_ASSET_PATHS = "\"AlgorithmsExpert/Preview Content\"";
				DEVELOPMENT_TEAM = L8W86DZDY2;
				ENABLE_PREVIEWS = YES;
				INFOPLIST_FILE = AlgorithmsExpert/Info.plist;
				IPHONEOS_DEPLOYMENT_TARGET = 14.0;
				LD_RUNPATH_SEARCH_PATHS = (
					"$(inherited)",
					"@executable_path/Frameworks",
				);
				PRODUCT_BUNDLE_IDENTIFIER = com.ri.AlgorithmsExpert;
				PRODUCT_NAME = "$(TARGET_NAME)";
				SWIFT_VERSION = 5.0;
				TARGETED_DEVICE_FAMILY = "1,2";
			};
			name = Debug;
		};
		952A30EF2657D76700E5D01F /* Release */ = {
			isa = XCBuildConfiguration;
			buildSettings = {
				ASSETCATALOG_COMPILER_APPICON_NAME = AppIcon;
				ASSETCATALOG_COMPILER_GLOBAL_ACCENT_COLOR_NAME = AccentColor;
				CODE_SIGN_STYLE = Automatic;
				DEVELOPMENT_ASSET_PATHS = "\"AlgorithmsExpert/Preview Content\"";
				DEVELOPMENT_TEAM = L8W86DZDY2;
				ENABLE_PREVIEWS = YES;
				INFOPLIST_FILE = AlgorithmsExpert/Info.plist;
				IPHONEOS_DEPLOYMENT_TARGET = 14.0;
				LD_RUNPATH_SEARCH_PATHS = (
					"$(inherited)",
					"@executable_path/Frameworks",
				);
				PRODUCT_BUNDLE_IDENTIFIER = com.ri.AlgorithmsExpert;
				PRODUCT_NAME = "$(TARGET_NAME)";
				SWIFT_VERSION = 5.0;
				TARGETED_DEVICE_FAMILY = "1,2";
			};
			name = Release;
		};
/* End XCBuildConfiguration section */

/* Begin XCConfigurationList section */
		952A30D92657D76500E5D01F /* Build configuration list for PBXProject "AlgorithmsExpert" */ = {
			isa = XCConfigurationList;
			buildConfigurations = (
				952A30EB2657D76700E5D01F /* Debug */,
				952A30EC2657D76700E5D01F /* Release */,
			);
			defaultConfigurationIsVisible = 0;
			defaultConfigurationName = Release;
		};
		952A30ED2657D76700E5D01F /* Build configuration list for PBXNativeTarget "AlgorithmsExpert" */ = {
			isa = XCConfigurationList;
			buildConfigurations = (
				952A30EE2657D76700E5D01F /* Debug */,
				952A30EF2657D76700E5D01F /* Release */,
			);
			defaultConfigurationIsVisible = 0;
			defaultConfigurationName = Release;
		};
/* End XCConfigurationList section */
	};
	rootObject = 952A30D62657D76500E5D01F /* Project object */;
}
